
Microsoft Visual Studio Solution File, Format Version 12.00
# Visual Studio 15
VisualStudioVersion = 15.0.27703.2026
MinimumVisualStudioVersion = 10.0.40219.1
Project("{FAE04EC0-301F-11D3-BF4B-00C04F79EFBC}") = "Lab03GuessGame", "Lab03GuessGame\Lab03GuessGame.csproj", "{17A70D20-BA5E-4AA8-B773-D530BB51B78A}"
EndProject
Global
	GlobalSection(SolutionConfigurationPlatforms) = preSolution
		Debug|Any CPU = Debug|Any CPU
		Release|Any CPU = Release|Any CPU
	EndGlobalSection
	GlobalSection(ProjectConfigurationPlatforms) = postSolution
		{17A70D20-BA5E-4AA8-B773-D530BB51B78A}.Debug|Any CPU.ActiveCfg = Debug|Any CPU
		{17A70D20-BA5E-4AA8-B773-D530BB51B78A}.Debug|Any CPU.Build.0 = Debug|Any CPU
		{17A70D20-BA5E-4AA8-B773-D530BB51B78A}.Release|Any CPU.ActiveCfg = Release|Any CPU
		{17A70D20-BA5E-4AA8-B773-D530BB51B78A}.Release|Any CPU.Build.0 = Release|Any CPU
	EndGlobalSection
	GlobalSection(SolutionProperties) = preSolution
		HideSolutionNode = FALSE
	EndGlobalSection
	GlobalSection(ExtensibilityGlobals) = postSolution
		SolutionGuid = {1FE14E5D-151C-4DCA-B9DF-97DC5F11233F}
	EndGlobalSection
EndGlobal
